
Microsoft Visual Studio Solution File, Format Version 12.00
# Visual Studio Version 17
VisualStudioVersion = 17.5.33414.496
MinimumVisualStudioVersion = 10.0.40219.1
Project("{9A19103F-16F7-4668-BE54-9A1E7A4F7556}") = "DataAccess", "DataAccess\DataAccess.csproj", "{37B80354-1F10-4385-8C2B-38B9E674CB8F}"
EndProject
Project("{9A19103F-16F7-4668-BE54-9A1E7A4F7556}") = "Entities", "Entities\Entities.csproj", "{F72F622A-3A83-475C-A787-F7C804C252F8}"
EndProject
Project("{9A19103F-16F7-4668-BE54-9A1E7A4F7556}") = "Business", "Business\Business.csproj", "{F3D43D16-79F9-4467-B17A-CCFC1E4E0FC0}"
EndProject
Project("{FAE04EC0-301F-11D3-BF4B-00C04F79EFBC}") = "ConsoleUI", "ConsoleUI\ConsoleUI.csproj", "{9DB0E206-320D-41BB-B735-461DDF0B6352}"
EndProject
Global
	GlobalSection(SolutionConfigurationPlatforms) = preSolution
		Debug|Any CPU = Debug|Any CPU
		Release|Any CPU = Release|Any CPU
	EndGlobalSection
	GlobalSection(ProjectConfigurationPlatforms) = postSolution
		{37B80354-1F10-4385-8C2B-38B9E674CB8F}.Debug|Any CPU.ActiveCfg = Debug|Any CPU
		{37B80354-1F10-4385-8C2B-38B9E674CB8F}.Debug|Any CPU.Build.0 = Debug|Any CPU
		{37B80354-1F10-4385-8C2B-38B9E674CB8F}.Release|Any CPU.ActiveCfg = Release|Any CPU
		{37B80354-1F10-4385-8C2B-38B9E674CB8F}.Release|Any CPU.Build.0 = Release|Any CPU
		{F72F622A-3A83-475C-A787-F7C804C252F8}.Debug|Any CPU.ActiveCfg = Debug|Any CPU
		{F72F622A-3A83-475C-A787-F7C804C252F8}.Debug|Any CPU.Build.0 = Debug|Any CPU
		{F72F622A-3A83-475C-A787-F7C804C252F8}.Release|Any CPU.ActiveCfg = Release|Any CPU
		{F72F622A-3A83-475C-A787-F7C804C252F8}.Release|Any CPU.Build.0 = Release|Any CPU
		{F3D43D16-79F9-4467-B17A-CCFC1E4E0FC0}.Debug|Any CPU.ActiveCfg = Debug|Any CPU
		{F3D43D16-79F9-4467-B17A-CCFC1E4E0FC0}.Debug|Any CPU.Build.0 = Debug|Any CPU
		{F3D43D16-79F9-4467-B17A-CCFC1E4E0FC0}.Release|Any CPU.ActiveCfg = Release|Any CPU
		{F3D43D16-79F9-4467-B17A-CCFC1E4E0FC0}.Release|Any CPU.Build.0 = Release|Any CPU
		{9DB0E206-320D-41BB-B735-461DDF0B6352}.Debug|Any CPU.ActiveCfg = Debug|Any CPU
		{9DB0E206-320D-41BB-B735-461DDF0B6352}.Debug|Any CPU.Build.0 = Debug|Any CPU
		{9DB0E206-320D-41BB-B735-461DDF0B6352}.Release|Any CPU.ActiveCfg = Release|Any CPU
		{9DB0E206-320D-41BB-B735-461DDF0B6352}.Release|Any CPU.Build.0 = Release|Any CPU
	EndGlobalSection
	GlobalSection(SolutionProperties) = preSolution
		HideSolutionNode = FALSE
	EndGlobalSection
	GlobalSection(ExtensibilityGlobals) = postSolution
		SolutionGuid = {433F389D-4DD9-4F0F-BE61-BD1E5F6DD060}
	EndGlobalSection
EndGlobal
